{
  "version": 4,
  "terraform_version": "1.15.2",
  "serial": 8,
  "lineage": "e405034d-9851-7bcf-8149-d6849142fc77",
  "outputs": {
    "application_url": {
      "value": "http://stockflow.local:8081",
      "type": "string"
    },
    "port_forward_command": {
      "value": "kubectl port-forward -n ingress-nginx service/ingress-nginx-controller 8081:80",
      "type": "string"
    }
  },
  "resources": [
    {
      "mode": "data",
      "type": "kubectl_file_documents",
      "name": "k8s_manifests",
      "provider": "provider[\"registry.terraform.io/gavinbunney/kubectl\"]",
      "instances": [
        {
          "schema_version": 0,
          "attributes": {
            "content": "apiVersion: v1\r\nkind: Secret\r\nmetadata:\r\n  name: postgres-secret\r\ntype: Opaque\r\nstringData:\r\n  POSTGRES_PASSWORD: admin123\n---\napiVersion: v1\r\nkind: PersistentVolumeClaim\r\nmetadata:\r\n  name: postgres-pvc\r\nspec:\r\n  accessModes:\r\n    - ReadWriteOnce\r\n  resources:\r\n    requests:\r\n      storage: 2Gi\n---\napiVersion: apps/v1\r\nkind: Deployment\r\nmetadata:\r\n  name: postgres-deployment\r\nspec:\r\n  replicas: 1\r\n  selector:\r\n    matchLabels:\r\n      app: postgres\r\n  template:\r\n    metadata:\r\n      labels:\r\n        app: postgres\r\n    spec:\r\n      containers:\r\n        - name: postgres\r\n          image: postgres:16\r\n          ports:\r\n            - containerPort: 5432\r\n          env:\r\n            - name: POSTGRES_USER\r\n              value: \"postgres\"\r\n            - name: POSTGRES_DB\r\n              value: \"stockflow_db\"\r\n            - name: POSTGRES_PASSWORD\r\n              valueFrom:\r\n                secretKeyRef:\r\n                  name: postgres-secret\r\n                  key: POSTGRES_PASSWORD\r\n          volumeMounts:\r\n            - name: postgres-storage\r\n              mountPath: /var/lib/postgresql/data\r\n      volumes:\r\n        - name: postgres-storage\r\n          persistentVolumeClaim:\r\n            claimName: postgres-pvc\n---\napiVersion: v1\r\nkind: Service\r\nmetadata:\r\n  name: postgres-service\r\nspec:\r\n  type: ClusterIP\r\n  selector:\r\n    app: postgres\r\n  ports:\r\n    - port: 5432\r\n      targetPort: 5432\n---\napiVersion: v1\r\nkind: ConfigMap\r\nmetadata:\r\n  name: backend-config\r\ndata:\r\n  NODE_ENV: \"development\"\r\n  PORT: \"4000\"\r\n  DB_USER: \"postgres\"\r\n  DB_NAME: \"stockflow_db\"\r\n  DB_HOST: \"postgres-service\"\r\n  DB_PORT: \"5432\"\r\n  JWT_EXPIRES_IN: \"7d\"\r\n  CLIENT_ORIGIN: \"http://localhost:5173\"\r\n  UPLOAD_DIR: \"uploads\"\n---\napiVersion: v1\r\nkind: Secret\r\nmetadata:\r\n  name: backend-secret\r\ntype: Opaque\r\nstringData:\r\n  DB_PASSWORD: \"admin123\"\r\n  JWT_SECRET: \"dev-portfolio-jwt-secret-change-in-real-deployment-min-32\"\r\n  DATABASE_URL: \"postgresql://postgres:admin123@postgres-service:5432/stockflow_db?schema=public\"\n---\napiVersion: apps/v1\r\nkind: Deployment\r\nmetadata:\r\n  name: backend-deployment\r\nspec:\r\n  replicas: 1\r\n  selector:\r\n    matchLabels:\r\n      app: backend\r\n  template:\r\n    metadata:\r\n      labels:\r\n        app: backend\r\n    spec:\r\n      containers:\r\n        - name: backend\r\n          image: aminedeploy/backend-app:latest\r\n          imagePullPolicy: Always\r\n          ports:\r\n            - containerPort: 4000\r\n          envFrom:\r\n            - configMapRef:\r\n                name: backend-config\r\n            - secretRef:\r\n                name: backend-secret\n---\napiVersion: v1\r\nkind: Service\r\nmetadata:\r\n  name: backend-service\r\nspec:\r\n  type: NodePort\r\n  selector:\r\n    app: backend\r\n  ports:\r\n    - port: 4000\r\n      targetPort: 4000\r\n      nodePort: 30080\n---\napiVersion: apps/v1\r\nkind: Deployment\r\nmetadata:\r\n  name: frontend-deployment\r\nspec:\r\n  replicas: 1\r\n  selector:\r\n    matchLabels:\r\n      app: frontend\r\n  template:\r\n    metadata:\r\n      labels:\r\n        app: frontend\r\n    spec:\r\n      containers:\r\n        - name: frontend\r\n          image: aminedeploy/frontend-app:latest\r\n          imagePullPolicy: Always\r\n          ports:\r\n            - containerPort: 5173\n---\napiVersion: v1\r\nkind: Service\r\nmetadata:\r\n  name: frontend-service\r\nspec:\r\n  type: NodePort\r\n  selector:\r\n    app: frontend\r\n  ports:\r\n    - port: 5173\r\n      targetPort: 5173\r\n      nodePort: 30173\n---\napiVersion: networking.k8s.io/v1\r\nkind: Ingress\r\nmetadata:\r\n  name: stockflow-ingress\r\nspec:\r\n  ingressClassName: nginx\r\n  rules:\r\n    - host: stockflow.local\r\n      http:\r\n        paths:\r\n          - path: /api/v1\r\n            pathType: Prefix\r\n            backend:\r\n              service:\r\n                name: backend-service\r\n                port:\r\n                  number: 4000\r\n          - path: /\r\n            pathType: Prefix\r\n            backend:\r\n              service:\r\n                name: frontend-service\r\n                port:\r\n                  number: 5173",
            "documents": [
              "apiVersion: v1\r\nkind: Secret\r\nmetadata:\r\n  name: postgres-secret\r\ntype: Opaque\r\nstringData:\r\n  POSTGRES_PASSWORD: admin123",
              "apiVersion: v1\r\nkind: PersistentVolumeClaim\r\nmetadata:\r\n  name: postgres-pvc\r\nspec:\r\n  accessModes:\r\n    - ReadWriteOnce\r\n  resources:\r\n    requests:\r\n      storage: 2Gi",
              "apiVersion: apps/v1\r\nkind: Deployment\r\nmetadata:\r\n  name: postgres-deployment\r\nspec:\r\n  replicas: 1\r\n  selector:\r\n    matchLabels:\r\n      app: postgres\r\n  template:\r\n    metadata:\r\n      labels:\r\n        app: postgres\r\n    spec:\r\n      containers:\r\n        - name: postgres\r\n          image: postgres:16\r\n          ports:\r\n            - containerPort: 5432\r\n          env:\r\n            - name: POSTGRES_USER\r\n              value: \"postgres\"\r\n            - name: POSTGRES_DB\r\n              value: \"stockflow_db\"\r\n            - name: POSTGRES_PASSWORD\r\n              valueFrom:\r\n                secretKeyRef:\r\n                  name: postgres-secret\r\n                  key: POSTGRES_PASSWORD\r\n          volumeMounts:\r\n            - name: postgres-storage\r\n              mountPath: /var/lib/postgresql/data\r\n      volumes:\r\n        - name: postgres-storage\r\n          persistentVolumeClaim:\r\n            claimName: postgres-pvc",
              "apiVersion: v1\r\nkind: Service\r\nmetadata:\r\n  name: postgres-service\r\nspec:\r\n  type: ClusterIP\r\n  selector:\r\n    app: postgres\r\n  ports:\r\n    - port: 5432\r\n      targetPort: 5432",
              "apiVersion: v1\r\nkind: ConfigMap\r\nmetadata:\r\n  name: backend-config\r\ndata:\r\n  NODE_ENV: \"development\"\r\n  PORT: \"4000\"\r\n  DB_USER: \"postgres\"\r\n  DB_NAME: \"stockflow_db\"\r\n  DB_HOST: \"postgres-service\"\r\n  DB_PORT: \"5432\"\r\n  JWT_EXPIRES_IN: \"7d\"\r\n  CLIENT_ORIGIN: \"http://localhost:5173\"\r\n  UPLOAD_DIR: \"uploads\"",
              "apiVersion: v1\r\nkind: Secret\r\nmetadata:\r\n  name: backend-secret\r\ntype: Opaque\r\nstringData:\r\n  DB_PASSWORD: \"admin123\"\r\n  JWT_SECRET: \"dev-portfolio-jwt-secret-change-in-real-deployment-min-32\"\r\n  DATABASE_URL: \"postgresql://postgres:admin123@postgres-service:5432/stockflow_db?schema=public\"",
              "apiVersion: apps/v1\r\nkind: Deployment\r\nmetadata:\r\n  name: backend-deployment\r\nspec:\r\n  replicas: 1\r\n  selector:\r\n    matchLabels:\r\n      app: backend\r\n  template:\r\n    metadata:\r\n      labels:\r\n        app: backend\r\n    spec:\r\n      containers:\r\n        - name: backend\r\n          image: aminedeploy/backend-app:latest\r\n          imagePullPolicy: Always\r\n          ports:\r\n            - containerPort: 4000\r\n          envFrom:\r\n            - configMapRef:\r\n                name: backend-config\r\n            - secretRef:\r\n                name: backend-secret",
              "apiVersion: v1\r\nkind: Service\r\nmetadata:\r\n  name: backend-service\r\nspec:\r\n  type: NodePort\r\n  selector:\r\n    app: backend\r\n  ports:\r\n    - port: 4000\r\n      targetPort: 4000\r\n      nodePort: 30080",
              "apiVersion: apps/v1\r\nkind: Deployment\r\nmetadata:\r\n  name: frontend-deployment\r\nspec:\r\n  replicas: 1\r\n  selector:\r\n    matchLabels:\r\n      app: frontend\r\n  template:\r\n    metadata:\r\n      labels:\r\n        app: frontend\r\n    spec:\r\n      containers:\r\n        - name: frontend\r\n          image: aminedeploy/frontend-app:latest\r\n          imagePullPolicy: Always\r\n          ports:\r\n            - containerPort: 5173",
              "apiVersion: v1\r\nkind: Service\r\nmetadata:\r\n  name: frontend-service\r\nspec:\r\n  type: NodePort\r\n  selector:\r\n    app: frontend\r\n  ports:\r\n    - port: 5173\r\n      targetPort: 5173\r\n      nodePort: 30173",
              "apiVersion: networking.k8s.io/v1\r\nkind: Ingress\r\nmetadata:\r\n  name: stockflow-ingress\r\nspec:\r\n  ingressClassName: nginx\r\n  rules:\r\n    - host: stockflow.local\r\n      http:\r\n        paths:\r\n          - path: /api/v1\r\n            pathType: Prefix\r\n            backend:\r\n              service:\r\n                name: backend-service\r\n                port:\r\n                  number: 4000\r\n          - path: /\r\n            pathType: Prefix\r\n            backend:\r\n              service:\r\n                name: frontend-service\r\n                port:\r\n                  number: 5173"
            ],
            "id": "e4ea4e2614cbb975b03da30af56194dc5a2acdb99cf00ae33d1dc679c036fb22",
            "manifests": {
              "/api/v1/configmaps/backend-config": "apiVersion: v1\ndata:\n  CLIENT_ORIGIN: http://localhost:5173\n  DB_HOST: postgres-service\n  DB_NAME: stockflow_db\n  DB_PORT: \"5432\"\n  DB_USER: postgres\n  JWT_EXPIRES_IN: 7d\n  NODE_ENV: development\n  PORT: \"4000\"\n  UPLOAD_DIR: uploads\nkind: ConfigMap\nmetadata:\n  name: backend-config\n",
              "/api/v1/persistentvolumeclaims/postgres-pvc": "apiVersion: v1\nkind: PersistentVolumeClaim\nmetadata:\n  name: postgres-pvc\nspec:\n  accessModes:\n  - ReadWriteOnce\n  resources:\n    requests:\n      storage: 2Gi\n",
              "/api/v1/secrets/backend-secret": "apiVersion: v1\nkind: Secret\nmetadata:\n  name: backend-secret\nstringData:\n  DATABASE_URL: postgresql://postgres:admin123@postgres-service:5432/stockflow_db?schema=public\n  DB_PASSWORD: admin123\n  JWT_SECRET: dev-portfolio-jwt-secret-change-in-real-deployment-min-32\ntype: Opaque\n",
              "/api/v1/secrets/postgres-secret": "apiVersion: v1\nkind: Secret\nmetadata:\n  name: postgres-secret\nstringData:\n  POSTGRES_PASSWORD: admin123\ntype: Opaque\n",
              "/api/v1/services/backend-service": "apiVersion: v1\nkind: Service\nmetadata:\n  name: backend-service\nspec:\n  ports:\n  - nodePort: 30080\n    port: 4000\n    targetPort: 4000\n  selector:\n    app: backend\n  type: NodePort\n",
              "/api/v1/services/frontend-service": "apiVersion: v1\nkind: Service\nmetadata:\n  name: frontend-service\nspec:\n  ports:\n  - nodePort: 30173\n    port: 5173\n    targetPort: 5173\n  selector:\n    app: frontend\n  type: NodePort\n",
              "/api/v1/services/postgres-service": "apiVersion: v1\nkind: Service\nmetadata:\n  name: postgres-service\nspec:\n  ports:\n  - port: 5432\n    targetPort: 5432\n  selector:\n    app: postgres\n  type: ClusterIP\n",
              "/apis/apps/v1/deployments/backend-deployment": "apiVersion: apps/v1\nkind: Deployment\nmetadata:\n  name: backend-deployment\nspec:\n  replicas: 1\n  selector:\n    matchLabels:\n      app: backend\n  template:\n    metadata:\n      labels:\n        app: backend\n    spec:\n      containers:\n      - envFrom:\n        - configMapRef:\n            name: backend-config\n        - secretRef:\n            name: backend-secret\n        image: aminedeploy/backend-app:latest\n        imagePullPolicy: Always\n        name: backend\n        ports:\n        - containerPort: 4000\n",
              "/apis/apps/v1/deployments/frontend-deployment": "apiVersion: apps/v1\nkind: Deployment\nmetadata:\n  name: frontend-deployment\nspec:\n  replicas: 1\n  selector:\n    matchLabels:\n      app: frontend\n  template:\n    metadata:\n      labels:\n        app: frontend\n    spec:\n      containers:\n      - image: aminedeploy/frontend-app:latest\n        imagePullPolicy: Always\n        name: frontend\n        ports:\n        - containerPort: 5173\n",
              "/apis/apps/v1/deployments/postgres-deployment": "apiVersion: apps/v1\nkind: Deployment\nmetadata:\n  name: postgres-deployment\nspec:\n  replicas: 1\n  selector:\n    matchLabels:\n      app: postgres\n  template:\n    metadata:\n      labels:\n        app: postgres\n    spec:\n      containers:\n      - env:\n        - name: POSTGRES_USER\n          value: postgres\n        - name: POSTGRES_DB\n          value: stockflow_db\n        - name: POSTGRES_PASSWORD\n          valueFrom:\n            secretKeyRef:\n              key: POSTGRES_PASSWORD\n              name: postgres-secret\n        image: postgres:16\n        name: postgres\n        ports:\n        - containerPort: 5432\n        volumeMounts:\n        - mountPath: /var/lib/postgresql/data\n          name: postgres-storage\n      volumes:\n      - name: postgres-storage\n        persistentVolumeClaim:\n          claimName: postgres-pvc\n",
              "/apis/networking.k8s.io/v1/ingresses/stockflow-ingress": "apiVersion: networking.k8s.io/v1\nkind: Ingress\nmetadata:\n  name: stockflow-ingress\nspec:\n  ingressClassName: nginx\n  rules:\n  - host: stockflow.local\n    http:\n      paths:\n      - backend:\n          service:\n            name: backend-service\n            port:\n              number: 4000\n        path: /api/v1\n        pathType: Prefix\n      - backend:\n          service:\n            name: frontend-service\n            port:\n              number: 5173\n        path: /\n        pathType: Prefix\n"
            }
          },
          "sensitive_attributes": [],
          "identity_schema_version": 0
        }
      ]
    },
    {
      "mode": "managed",
      "type": "kubectl_manifest",
      "name": "stockflow",
      "provider": "provider[\"registry.terraform.io/gavinbunney/kubectl\"]",
      "instances": [
        {
          "index_key": "/api/v1/configmaps/backend-config",
          "schema_version": 1,
          "attributes": {
            "api_version": "v1",
            "apply_only": false,
            "force_conflicts": false,
            "force_new": false,
            "id": "/api/v1/namespaces/default/configmaps/backend-config",
            "ignore_fields": null,
            "kind": "ConfigMap",
            "live_manifest_incluster": "88c51a8a012c055a23d11816d9ef76cb0947777f5644e710ffa49025bdcd1cef",
            "live_uid": "d61ac82b-edf3-4fa2-aa77-bcea86eeea13",
            "name": "backend-config",
            "namespace": null,
            "override_namespace": null,
            "sensitive_fields": null,
            "server_side_apply": false,
            "timeouts": null,
            "uid": "d61ac82b-edf3-4fa2-aa77-bcea86eeea13",
            "validate_schema": true,
            "wait": null,
            "wait_for_rollout": true,
            "yaml_body": "apiVersion: v1\ndata:\n  CLIENT_ORIGIN: http://localhost:5173\n  DB_HOST: postgres-service\n  DB_NAME: stockflow_db\n  DB_PORT: \"5432\"\n  DB_USER: postgres\n  JWT_EXPIRES_IN: 7d\n  NODE_ENV: development\n  PORT: \"4000\"\n  UPLOAD_DIR: uploads\nkind: ConfigMap\nmetadata:\n  name: backend-config\n",
            "yaml_body_parsed": "apiVersion: v1\ndata:\n  CLIENT_ORIGIN: http://localhost:5173\n  DB_HOST: postgres-service\n  DB_NAME: stockflow_db\n  DB_PORT: \"5432\"\n  DB_USER: postgres\n  JWT_EXPIRES_IN: 7d\n  NODE_ENV: development\n  PORT: \"4000\"\n  UPLOAD_DIR: uploads\nkind: ConfigMap\nmetadata:\n  name: backend-config\n",
            "yaml_incluster": "88c51a8a012c055a23d11816d9ef76cb0947777f5644e710ffa49025bdcd1cef"
          },
          "sensitive_attributes": [
            [
              {
                "type": "get_attr",
                "value": "live_manifest_incluster"
              }
            ],
            [
              {
                "type": "get_attr",
                "value": "yaml_body"
              }
            ],
            [
              {
                "type": "get_attr",
                "value": "yaml_incluster"
              }
            ]
          ],
          "identity_schema_version": 0,
          "private": "eyJlMmJmYjczMC1lY2FhLTExZTYtOGY4OC0zNDM2M2JjN2M0YzAiOnsiY3JlYXRlIjo2MDAwMDAwMDAwMDB9LCJzY2hlbWFfdmVyc2lvbiI6IjEifQ==",
          "dependencies": [
            "data.kubectl_file_documents.k8s_manifests"
          ]
        },
        {
          "index_key": "/api/v1/persistentvolumeclaims/postgres-pvc",
          "schema_version": 1,
          "attributes": {
            "api_version": "v1",
            "apply_only": false,
            "force_conflicts": false,
            "force_new": false,
            "id": "/api/v1/namespaces/default/persistentvolumeclaims/postgres-pvc",
            "ignore_fields": null,
            "kind": "PersistentVolumeClaim",
            "live_manifest_incluster": "d229027fe28001014f50d24b8631b066dc5ee1e003cf3b7beb11be76ec075598",
            "live_uid": "cf8c9878-06ba-45de-8216-9382728f365a",
            "name": "postgres-pvc",
            "namespace": null,
            "override_namespace": null,
            "sensitive_fields": null,
            "server_side_apply": false,
            "timeouts": null,
            "uid": "cf8c9878-06ba-45de-8216-9382728f365a",
            "validate_schema": true,
            "wait": null,
            "wait_for_rollout": true,
            "yaml_body": "apiVersion: v1\nkind: PersistentVolumeClaim\nmetadata:\n  name: postgres-pvc\nspec:\n  accessModes:\n  - ReadWriteOnce\n  resources:\n    requests:\n      storage: 2Gi\n",
            "yaml_body_parsed": "apiVersion: v1\nkind: PersistentVolumeClaim\nmetadata:\n  name: postgres-pvc\nspec:\n  accessModes:\n  - ReadWriteOnce\n  resources:\n    requests:\n      storage: 2Gi\n",
            "yaml_incluster": "d229027fe28001014f50d24b8631b066dc5ee1e003cf3b7beb11be76ec075598"
          },
          "sensitive_attributes": [
            [
              {
                "type": "get_attr",
                "value": "live_manifest_incluster"
              }
            ],
            [
              {
                "type": "get_attr",
                "value": "yaml_body"
              }
            ],
            [
              {
                "type": "get_attr",
                "value": "yaml_incluster"
              }
            ]
          ],
          "identity_schema_version": 0,
          "private": "eyJlMmJmYjczMC1lY2FhLTExZTYtOGY4OC0zNDM2M2JjN2M0YzAiOnsiY3JlYXRlIjo2MDAwMDAwMDAwMDB9LCJzY2hlbWFfdmVyc2lvbiI6IjEifQ==",
          "dependencies": [
            "data.kubectl_file_documents.k8s_manifests"
          ]
        },
        {
          "index_key": "/api/v1/secrets/backend-secret",
          "schema_version": 1,
          "attributes": {
            "api_version": "v1",
            "apply_only": false,
            "force_conflicts": false,
            "force_new": false,
            "id": "/api/v1/namespaces/default/secrets/backend-secret",
            "ignore_fields": null,
            "kind": "Secret",
            "live_manifest_incluster": "b86487016ebb86034cd1abf20c95193c6181a67d539f5902d9a05ad4542bfb81",
            "live_uid": "88dddeb3-9dd6-4c58-a3c5-4f40293e4e96",
            "name": "backend-secret",
            "namespace": null,
            "override_namespace": null,
            "sensitive_fields": null,
            "server_side_apply": false,
            "timeouts": null,
            "uid": "88dddeb3-9dd6-4c58-a3c5-4f40293e4e96",
            "validate_schema": true,
            "wait": null,
            "wait_for_rollout": true,
            "yaml_body": "apiVersion: v1\nkind: Secret\nmetadata:\n  name: backend-secret\nstringData:\n  DATABASE_URL: postgresql://postgres:admin123@postgres-service:5432/stockflow_db?schema=public\n  DB_PASSWORD: admin123\n  JWT_SECRET: dev-portfolio-jwt-secret-change-in-real-deployment-min-32\ntype: Opaque\n",
            "yaml_body_parsed": "apiVersion: v1\nkind: Secret\nmetadata:\n  name: backend-secret\nstringData:\n  DATABASE_URL: postgresql://postgres:admin123@postgres-service:5432/stockflow_db?schema=public\n  DB_PASSWORD: admin123\n  JWT_SECRET: dev-portfolio-jwt-secret-change-in-real-deployment-min-32\ntype: Opaque\n",
            "yaml_incluster": "b86487016ebb86034cd1abf20c95193c6181a67d539f5902d9a05ad4542bfb81"
          },
          "sensitive_attributes": [
            [
              {
                "type": "get_attr",
                "value": "live_manifest_incluster"
              }
            ],
            [
              {
                "type": "get_attr",
                "value": "yaml_body"
              }
            ],
            [
              {
                "type": "get_attr",
                "value": "yaml_incluster"
              }
            ]
          ],
          "identity_schema_version": 0,
          "private": "eyJlMmJmYjczMC1lY2FhLTExZTYtOGY4OC0zNDM2M2JjN2M0YzAiOnsiY3JlYXRlIjo2MDAwMDAwMDAwMDB9LCJzY2hlbWFfdmVyc2lvbiI6IjEifQ==",
          "dependencies": [
            "data.kubectl_file_documents.k8s_manifests"
          ]
        },
        {
          "index_key": "/api/v1/secrets/postgres-secret",
          "schema_version": 1,
          "attributes": {
            "api_version": "v1",
            "apply_only": false,
            "force_conflicts": false,
            "force_new": false,
            "id": "/api/v1/namespaces/default/secrets/postgres-secret",
            "ignore_fields": null,
            "kind": "Secret",
            "live_manifest_incluster": "c513ae0c928ae0a749f3d97d2843258e1a681d4f3cccec8cccd994d4cc50ace2",
            "live_uid": "44a07010-268e-4b92-89f5-de8f3b6aae46",
            "name": "postgres-secret",
            "namespace": null,
            "override_namespace": null,
            "sensitive_fields": null,
            "server_side_apply": false,
            "timeouts": null,
            "uid": "44a07010-268e-4b92-89f5-de8f3b6aae46",
            "validate_schema": true,
            "wait": null,
            "wait_for_rollout": true,
            "yaml_body": "apiVersion: v1\nkind: Secret\nmetadata:\n  name: postgres-secret\nstringData:\n  POSTGRES_PASSWORD: admin123\ntype: Opaque\n",
            "yaml_body_parsed": "apiVersion: v1\nkind: Secret\nmetadata:\n  name: postgres-secret\nstringData:\n  POSTGRES_PASSWORD: admin123\ntype: Opaque\n",
            "yaml_incluster": "c513ae0c928ae0a749f3d97d2843258e1a681d4f3cccec8cccd994d4cc50ace2"
          },
          "sensitive_attributes": [
            [
              {
                "type": "get_attr",
                "value": "live_manifest_incluster"
              }
            ],
            [
              {
                "type": "get_attr",
                "value": "yaml_body"
              }
            ],
            [
              {
                "type": "get_attr",
                "value": "yaml_incluster"
              }
            ]
          ],
          "identity_schema_version": 0,
          "private": "eyJlMmJmYjczMC1lY2FhLTExZTYtOGY4OC0zNDM2M2JjN2M0YzAiOnsiY3JlYXRlIjo2MDAwMDAwMDAwMDB9LCJzY2hlbWFfdmVyc2lvbiI6IjEifQ==",
          "dependencies": [
            "data.kubectl_file_documents.k8s_manifests"
          ]
        },
        {
          "index_key": "/api/v1/services/backend-service",
          "schema_version": 1,
          "attributes": {
            "api_version": "v1",
            "apply_only": false,
            "force_conflicts": false,
            "force_new": false,
            "id": "/api/v1/namespaces/default/services/backend-service",
            "ignore_fields": null,
            "kind": "Service",
            "live_manifest_incluster": "ce610e8081e999585d78d15722096b112c3ddb94506348398759690209b57450",
            "live_uid": "05282ca7-a2fa-4fe5-936e-f6f08bfc27f3",
            "name": "backend-service",
            "namespace": null,
            "override_namespace": null,
            "sensitive_fields": null,
            "server_side_apply": false,
            "timeouts": null,
            "uid": "05282ca7-a2fa-4fe5-936e-f6f08bfc27f3",
            "validate_schema": true,
            "wait": null,
            "wait_for_rollout": true,
            "yaml_body": "apiVersion: v1\nkind: Service\nmetadata:\n  name: backend-service\nspec:\n  ports:\n  - nodePort: 30080\n    port: 4000\n    targetPort: 4000\n  selector:\n    app: backend\n  type: NodePort\n",
            "yaml_body_parsed": "apiVersion: v1\nkind: Service\nmetadata:\n  name: backend-service\nspec:\n  ports:\n  - nodePort: 30080\n    port: 4000\n    targetPort: 4000\n  selector:\n    app: backend\n  type: NodePort\n",
            "yaml_incluster": "ce610e8081e999585d78d15722096b112c3ddb94506348398759690209b57450"
          },
          "sensitive_attributes": [
            [
              {
                "type": "get_attr",
                "value": "live_manifest_incluster"
              }
            ],
            [
              {
                "type": "get_attr",
                "value": "yaml_body"
              }
            ],
            [
              {
                "type": "get_attr",
                "value": "yaml_incluster"
              }
            ]
          ],
          "identity_schema_version": 0,
          "private": "eyJlMmJmYjczMC1lY2FhLTExZTYtOGY4OC0zNDM2M2JjN2M0YzAiOnsiY3JlYXRlIjo2MDAwMDAwMDAwMDB9LCJzY2hlbWFfdmVyc2lvbiI6IjEifQ==",
          "dependencies": [
            "data.kubectl_file_documents.k8s_manifests"
          ]
        },
        {
          "index_key": "/api/v1/services/frontend-service",
          "schema_version": 1,
          "attributes": {
            "api_version": "v1",
            "apply_only": false,
            "force_conflicts": false,
            "force_new": false,
            "id": "/api/v1/namespaces/default/services/frontend-service",
            "ignore_fields": null,
            "kind": "Service",
            "live_manifest_incluster": "d3b0f2a2cb85517bc57fa7c219d10d28eefaaa36122de3b3c1e94e9147ad3212",
            "live_uid": "157933aa-3936-4766-a5c8-5a4a50caa5ab",
            "name": "frontend-service",
            "namespace": null,
            "override_namespace": null,
            "sensitive_fields": null,
            "server_side_apply": false,
            "timeouts": null,
            "uid": "157933aa-3936-4766-a5c8-5a4a50caa5ab",
            "validate_schema": true,
            "wait": null,
            "wait_for_rollout": true,
            "yaml_body": "apiVersion: v1\nkind: Service\nmetadata:\n  name: frontend-service\nspec:\n  ports:\n  - nodePort: 30173\n    port: 5173\n    targetPort: 5173\n  selector:\n    app: frontend\n  type: NodePort\n",
            "yaml_body_parsed": "apiVersion: v1\nkind: Service\nmetadata:\n  name: frontend-service\nspec:\n  ports:\n  - nodePort: 30173\n    port: 5173\n    targetPort: 5173\n  selector:\n    app: frontend\n  type: NodePort\n",
            "yaml_incluster": "d3b0f2a2cb85517bc57fa7c219d10d28eefaaa36122de3b3c1e94e9147ad3212"
          },
          "sensitive_attributes": [
            [
              {
                "type": "get_attr",
                "value": "live_manifest_incluster"
              }
            ],
            [
              {
                "type": "get_attr",
                "value": "yaml_body"
              }
            ],
            [
              {
                "type": "get_attr",
                "value": "yaml_incluster"
              }
            ]
          ],
          "identity_schema_version": 0,
          "private": "eyJlMmJmYjczMC1lY2FhLTExZTYtOGY4OC0zNDM2M2JjN2M0YzAiOnsiY3JlYXRlIjo2MDAwMDAwMDAwMDB9LCJzY2hlbWFfdmVyc2lvbiI6IjEifQ==",
          "dependencies": [
            "data.kubectl_file_documents.k8s_manifests"
          ]
        },
        {
          "index_key": "/api/v1/services/postgres-service",
          "schema_version": 1,
          "attributes": {
            "api_version": "v1",
            "apply_only": false,
            "force_conflicts": false,
            "force_new": false,
            "id": "/api/v1/namespaces/default/services/postgres-service",
            "ignore_fields": null,
            "kind": "Service",
            "live_manifest_incluster": "ae03bcdb16f0f2ae2e5ebee884aa2a33b6ccec05ab28a6500a5301887c8b3986",
            "live_uid": "b5b2bfcb-b0ee-4e2c-bec5-8f853aa77693",
            "name": "postgres-service",
            "namespace": null,
            "override_namespace": null,
            "sensitive_fields": null,
            "server_side_apply": false,
            "timeouts": null,
            "uid": "b5b2bfcb-b0ee-4e2c-bec5-8f853aa77693",
            "validate_schema": true,
            "wait": null,
            "wait_for_rollout": true,
            "yaml_body": "apiVersion: v1\nkind: Service\nmetadata:\n  name: postgres-service\nspec:\n  ports:\n  - port: 5432\n    targetPort: 5432\n  selector:\n    app: postgres\n  type: ClusterIP\n",
            "yaml_body_parsed": "apiVersion: v1\nkind: Service\nmetadata:\n  name: postgres-service\nspec:\n  ports:\n  - port: 5432\n    targetPort: 5432\n  selector:\n    app: postgres\n  type: ClusterIP\n",
            "yaml_incluster": "ae03bcdb16f0f2ae2e5ebee884aa2a33b6ccec05ab28a6500a5301887c8b3986"
          },
          "sensitive_attributes": [
            [
              {
                "type": "get_attr",
                "value": "live_manifest_incluster"
              }
            ],
            [
              {
                "type": "get_attr",
                "value": "yaml_body"
              }
            ],
            [
              {
                "type": "get_attr",
                "value": "yaml_incluster"
              }
            ]
          ],
          "identity_schema_version": 0,
          "private": "eyJlMmJmYjczMC1lY2FhLTExZTYtOGY4OC0zNDM2M2JjN2M0YzAiOnsiY3JlYXRlIjo2MDAwMDAwMDAwMDB9LCJzY2hlbWFfdmVyc2lvbiI6IjEifQ==",
          "dependencies": [
            "data.kubectl_file_documents.k8s_manifests"
          ]
        },
        {
          "index_key": "/apis/apps/v1/deployments/backend-deployment",
          "schema_version": 1,
          "attributes": {
            "api_version": "apps/v1",
            "apply_only": false,
            "force_conflicts": false,
            "force_new": false,
            "id": "/apis/apps/v1/namespaces/default/deployments/backend-deployment",
            "ignore_fields": null,
            "kind": "Deployment",
            "live_manifest_incluster": "fdc25735bce5538740deaf44457e7cc3eca998b8c71d1af68b3750fedef23ffd",
            "live_uid": "6c3c156c-511c-4eca-be4b-832c79b10e85",
            "name": "backend-deployment",
            "namespace": null,
            "override_namespace": null,
            "sensitive_fields": null,
            "server_side_apply": false,
            "timeouts": null,
            "uid": "6c3c156c-511c-4eca-be4b-832c79b10e85",
            "validate_schema": true,
            "wait": null,
            "wait_for_rollout": true,
            "yaml_body": "apiVersion: apps/v1\nkind: Deployment\nmetadata:\n  name: backend-deployment\nspec:\n  replicas: 1\n  selector:\n    matchLabels:\n      app: backend\n  template:\n    metadata:\n      labels:\n        app: backend\n    spec:\n      containers:\n      - envFrom:\n        - configMapRef:\n            name: backend-config\n        - secretRef:\n            name: backend-secret\n        image: aminedeploy/backend-app:latest\n        imagePullPolicy: Always\n        name: backend\n        ports:\n        - containerPort: 4000\n",
            "yaml_body_parsed": "apiVersion: apps/v1\nkind: Deployment\nmetadata:\n  name: backend-deployment\nspec:\n  replicas: 1\n  selector:\n    matchLabels:\n      app: backend\n  template:\n    metadata:\n      labels:\n        app: backend\n    spec:\n      containers:\n      - envFrom:\n        - configMapRef:\n            name: backend-config\n        - secretRef:\n            name: backend-secret\n        image: aminedeploy/backend-app:latest\n        imagePullPolicy: Always\n        name: backend\n        ports:\n        - containerPort: 4000\n",
            "yaml_incluster": "fdc25735bce5538740deaf44457e7cc3eca998b8c71d1af68b3750fedef23ffd"
          },
          "sensitive_attributes": [
            [
              {
                "type": "get_attr",
                "value": "live_manifest_incluster"
              }
            ],
            [
              {
                "type": "get_attr",
                "value": "yaml_body"
              }
            ],
            [
              {
                "type": "get_attr",
                "value": "yaml_incluster"
              }
            ]
          ],
          "identity_schema_version": 0,
          "private": "eyJlMmJmYjczMC1lY2FhLTExZTYtOGY4OC0zNDM2M2JjN2M0YzAiOnsiY3JlYXRlIjo2MDAwMDAwMDAwMDB9LCJzY2hlbWFfdmVyc2lvbiI6IjEifQ==",
          "dependencies": [
            "data.kubectl_file_documents.k8s_manifests"
          ]
        },
        {
          "index_key": "/apis/apps/v1/deployments/frontend-deployment",
          "schema_version": 1,
          "attributes": {
            "api_version": "apps/v1",
            "apply_only": false,
            "force_conflicts": false,
            "force_new": false,
            "id": "/apis/apps/v1/namespaces/default/deployments/frontend-deployment",
            "ignore_fields": null,
            "kind": "Deployment",
            "live_manifest_incluster": "2a798649bd749bcb035dc158b0f9a7504c93cb9fbfcc43565d49639ad1386f88",
            "live_uid": "4ce11292-0ca7-4141-8ce6-486af91f9cf3",
            "name": "frontend-deployment",
            "namespace": null,
            "override_namespace": null,
            "sensitive_fields": null,
            "server_side_apply": false,
            "timeouts": null,
            "uid": "4ce11292-0ca7-4141-8ce6-486af91f9cf3",
            "validate_schema": true,
            "wait": null,
            "wait_for_rollout": true,
            "yaml_body": "apiVersion: apps/v1\nkind: Deployment\nmetadata:\n  name: frontend-deployment\nspec:\n  replicas: 1\n  selector:\n    matchLabels:\n      app: frontend\n  template:\n    metadata:\n      labels:\n        app: frontend\n    spec:\n      containers:\n      - image: aminedeploy/frontend-app:latest\n        imagePullPolicy: Always\n        name: frontend\n        ports:\n        - containerPort: 5173\n",
            "yaml_body_parsed": "apiVersion: apps/v1\nkind: Deployment\nmetadata:\n  name: frontend-deployment\nspec:\n  replicas: 1\n  selector:\n    matchLabels:\n      app: frontend\n  template:\n    metadata:\n      labels:\n        app: frontend\n    spec:\n      containers:\n      - image: aminedeploy/frontend-app:latest\n        imagePullPolicy: Always\n        name: frontend\n        ports:\n        - containerPort: 5173\n",
            "yaml_incluster": "2a798649bd749bcb035dc158b0f9a7504c93cb9fbfcc43565d49639ad1386f88"
          },
          "sensitive_attributes": [
            [
              {
                "type": "get_attr",
                "value": "live_manifest_incluster"
              }
            ],
            [
              {
                "type": "get_attr",
                "value": "yaml_body"
              }
            ],
            [
              {
                "type": "get_attr",
                "value": "yaml_incluster"
              }
            ]
          ],
          "identity_schema_version": 0,
          "private": "eyJlMmJmYjczMC1lY2FhLTExZTYtOGY4OC0zNDM2M2JjN2M0YzAiOnsiY3JlYXRlIjo2MDAwMDAwMDAwMDB9LCJzY2hlbWFfdmVyc2lvbiI6IjEifQ==",
          "dependencies": [
            "data.kubectl_file_documents.k8s_manifests"
          ]
        },
        {
          "index_key": "/apis/apps/v1/deployments/postgres-deployment",
          "schema_version": 1,
          "attributes": {
            "api_version": "apps/v1",
            "apply_only": false,
            "force_conflicts": false,
            "force_new": false,
            "id": "/apis/apps/v1/namespaces/default/deployments/postgres-deployment",
            "ignore_fields": null,
            "kind": "Deployment",
            "live_manifest_incluster": "db32361822f732e45cc02025973286622472ed8f07491d2b81493f76568ca80a",
            "live_uid": "f072c16a-f292-4e78-bd88-3cd3b8c43717",
            "name": "postgres-deployment",
            "namespace": null,
            "override_namespace": null,
            "sensitive_fields": null,
            "server_side_apply": false,
            "timeouts": null,
            "uid": "f072c16a-f292-4e78-bd88-3cd3b8c43717",
            "validate_schema": true,
            "wait": null,
            "wait_for_rollout": true,
            "yaml_body": "apiVersion: apps/v1\nkind: Deployment\nmetadata:\n  name: postgres-deployment\nspec:\n  replicas: 1\n  selector:\n    matchLabels:\n      app: postgres\n  template:\n    metadata:\n      labels:\n        app: postgres\n    spec:\n      containers:\n      - env:\n        - name: POSTGRES_USER\n          value: postgres\n        - name: POSTGRES_DB\n          value: stockflow_db\n        - name: POSTGRES_PASSWORD\n          valueFrom:\n            secretKeyRef:\n              key: POSTGRES_PASSWORD\n              name: postgres-secret\n        image: postgres:16\n        name: postgres\n        ports:\n        - containerPort: 5432\n        volumeMounts:\n        - mountPath: /var/lib/postgresql/data\n          name: postgres-storage\n      volumes:\n      - name: postgres-storage\n        persistentVolumeClaim:\n          claimName: postgres-pvc\n",
            "yaml_body_parsed": "apiVersion: apps/v1\nkind: Deployment\nmetadata:\n  name: postgres-deployment\nspec:\n  replicas: 1\n  selector:\n    matchLabels:\n      app: postgres\n  template:\n    metadata:\n      labels:\n        app: postgres\n    spec:\n      containers:\n      - env:\n        - name: POSTGRES_USER\n          value: postgres\n        - name: POSTGRES_DB\n          value: stockflow_db\n        - name: POSTGRES_PASSWORD\n          valueFrom:\n            secretKeyRef:\n              key: POSTGRES_PASSWORD\n              name: postgres-secret\n        image: postgres:16\n        name: postgres\n        ports:\n        - containerPort: 5432\n        volumeMounts:\n        - mountPath: /var/lib/postgresql/data\n          name: postgres-storage\n      volumes:\n      - name: postgres-storage\n        persistentVolumeClaim:\n          claimName: postgres-pvc\n",
            "yaml_incluster": "db32361822f732e45cc02025973286622472ed8f07491d2b81493f76568ca80a"
          },
          "sensitive_attributes": [
            [
              {
                "type": "get_attr",
                "value": "live_manifest_incluster"
              }
            ],
            [
              {
                "type": "get_attr",
                "value": "yaml_body"
              }
            ],
            [
              {
                "type": "get_attr",
                "value": "yaml_incluster"
              }
            ]
          ],
          "identity_schema_version": 0,
          "private": "eyJlMmJmYjczMC1lY2FhLTExZTYtOGY4OC0zNDM2M2JjN2M0YzAiOnsiY3JlYXRlIjo2MDAwMDAwMDAwMDB9LCJzY2hlbWFfdmVyc2lvbiI6IjEifQ==",
          "dependencies": [
            "data.kubectl_file_documents.k8s_manifests"
          ]
        },
        {
          "index_key": "/apis/networking.k8s.io/v1/ingresses/stockflow-ingress",
          "schema_version": 1,
          "attributes": {
            "api_version": "networking.k8s.io/v1",
            "apply_only": false,
            "force_conflicts": false,
            "force_new": false,
            "id": "/apis/networking.k8s.io/v1/namespaces/default/ingresses/stockflow-ingress",
            "ignore_fields": null,
            "kind": "Ingress",
            "live_manifest_incluster": "1ae814895163a8bc11add435943eba6f096832c4ee51c7a6141f620d58a8f1d0",
            "live_uid": "997bc94d-cec9-4658-9c03-56916e5b2eda",
            "name": "stockflow-ingress",
            "namespace": null,
            "override_namespace": null,
            "sensitive_fields": null,
            "server_side_apply": false,
            "timeouts": null,
            "uid": "997bc94d-cec9-4658-9c03-56916e5b2eda",
            "validate_schema": true,
            "wait": null,
            "wait_for_rollout": true,
            "yaml_body": "apiVersion: networking.k8s.io/v1\nkind: Ingress\nmetadata:\n  name: stockflow-ingress\nspec:\n  ingressClassName: nginx\n  rules:\n  - host: stockflow.local\n    http:\n      paths:\n      - backend:\n          service:\n            name: backend-service\n            port:\n              number: 4000\n        path: /api/v1\n        pathType: Prefix\n      - backend:\n          service:\n            name: frontend-service\n            port:\n              number: 5173\n        path: /\n        pathType: Prefix\n",
            "yaml_body_parsed": "apiVersion: networking.k8s.io/v1\nkind: Ingress\nmetadata:\n  name: stockflow-ingress\nspec:\n  ingressClassName: nginx\n  rules:\n  - host: stockflow.local\n    http:\n      paths:\n      - backend:\n          service:\n            name: backend-service\n            port:\n              number: 4000\n        path: /api/v1\n        pathType: Prefix\n      - backend:\n          service:\n            name: frontend-service\n            port:\n              number: 5173\n        path: /\n        pathType: Prefix\n",
            "yaml_incluster": "1ae814895163a8bc11add435943eba6f096832c4ee51c7a6141f620d58a8f1d0"
          },
          "sensitive_attributes": [
            [
              {
                "type": "get_attr",
                "value": "live_manifest_incluster"
              }
            ],
            [
              {
                "type": "get_attr",
                "value": "yaml_body"
              }
            ],
            [
              {
                "type": "get_attr",
                "value": "yaml_incluster"
              }
            ]
          ],
          "identity_schema_version": 0,
          "private": "eyJlMmJmYjczMC1lY2FhLTExZTYtOGY4OC0zNDM2M2JjN2M0YzAiOnsiY3JlYXRlIjo2MDAwMDAwMDAwMDB9LCJzY2hlbWFfdmVyc2lvbiI6IjEifQ==",
          "dependencies": [
            "data.kubectl_file_documents.k8s_manifests"
          ]
        }
      ]
    }
  ],
  "check_results": null
}
